{
    "_readme": [
        "This file locks the dependencies of your project to a known state",
        "Read more about it at http://getcomposer.org/doc/01-basic-usage.md#composer-lock-the-lock-file",
        "This file is @generated automatically"
    ],
    "hash": "e06418cc9ff06e0cc42ae99266f8338b",
    "packages": [
        {
            "name": "jenner/multi_process",
            "version": "1.0.0",
            "source": {
                "type": "git",
                "url": "https://github.com/huyanping/Zebra-Multi-Process.git",
                "reference": "5f8d7b245baf1ad52804f67feeb2d420b2d6a135"
            },
            "dist": {
                "type": "zip",
                "url": "https://api.github.com/repos/huyanping/Zebra-Multi-Process/zipball/5f8d7b245baf1ad52804f67feeb2d420b2d6a135",
                "reference": "5f8d7b245baf1ad52804f67feeb2d420b2d6a135",
                "shasum": ""
            },
            "require": {
                "php": ">=5.3.0"
            },
            "type": "library",
            "autoload": {
                "psr-0": {
                    "Jenner\\Zebra\\MultiProcess": "src/"
                }
            },
            "notification-url": "https://packagist.org/downloads/",
            "license": [
                "MIT"
            ],
            "authors": [
                {
                    "name": "Jenner",
                    "email": "hypxm@qq.com"
                }
            ],
            "description": "php message queue wrapper",
            "keywords": [
                "message queue"
            ],
            "time": "2014-11-09 12:26:47"
        }
    ],
    "packages-dev": [],
    "aliases": [],
    "minimum-stability": "stable",
    "stability-flags": [],
    "prefer-stable": false,
    "platform": {
        "php": ">=5.3.0"
    },
    "platform-dev": []
}
